
Microsoft Visual Studio Solution File, Format Version 12.00
# Visual Studio Version 17
VisualStudioVersion = 17.5.33414.496
MinimumVisualStudioVersion = 10.0.40219.1
Project("{FAE04EC0-301F-11D3-BF4B-00C04F79EFBC}") = "Capcha", "Capcha\Capcha.csproj", "{6F24B541-428F-414F-86B9-FFC64B87A355}"
EndProject
Project("{FAE04EC0-301F-11D3-BF4B-00C04F79EFBC}") = "Captcha", "Captcha\Captcha.csproj", "{15EDD0FF-62BA-43A8-B531-2BE9B54EC757}"
EndProject
Global
	GlobalSection(SolutionConfigurationPlatforms) = preSolution
		Debug|Any CPU = Debug|Any CPU
		Release|Any CPU = Release|Any CPU
	EndGlobalSection
	GlobalSection(ProjectConfigurationPlatforms) = postSolution
		{6F24B541-428F-414F-86B9-FFC64B87A355}.Debug|Any CPU.ActiveCfg = Debug|Any CPU
		{6F24B541-428F-414F-86B9-FFC64B87A355}.Debug|Any CPU.Build.0 = Debug|Any CPU
		{6F24B541-428F-414F-86B9-FFC64B87A355}.Release|Any CPU.ActiveCfg = Release|Any CPU
		{6F24B541-428F-414F-86B9-FFC64B87A355}.Release|Any CPU.Build.0 = Release|Any CPU
		{15EDD0FF-62BA-43A8-B531-2BE9B54EC757}.Debug|Any CPU.ActiveCfg = Debug|Any CPU
		{15EDD0FF-62BA-43A8-B531-2BE9B54EC757}.Debug|Any CPU.Build.0 = Debug|Any CPU
		{15EDD0FF-62BA-43A8-B531-2BE9B54EC757}.Release|Any CPU.ActiveCfg = Release|Any CPU
		{15EDD0FF-62BA-43A8-B531-2BE9B54EC757}.Release|Any CPU.Build.0 = Release|Any CPU
	EndGlobalSection
	GlobalSection(SolutionProperties) = preSolution
		HideSolutionNode = FALSE
	EndGlobalSection
	GlobalSection(ExtensibilityGlobals) = postSolution
		SolutionGuid = {DF4BBDAA-D0E3-4227-BFA4-180FB6D38053}
	EndGlobalSection
EndGlobal
