
Microsoft Visual Studio Solution File, Format Version 12.00
# Visual Studio Version 17
VisualStudioVersion = 17.5.33414.496
MinimumVisualStudioVersion = 10.0.40219.1
Project("{FAE04EC0-301F-11D3-BF4B-00C04F79EFBC}") = "SelectorDeMes", "Prueba4AverSiEsLaBuena\SelectorDeMes.csproj", "{24162D63-7F02-4193-B2CE-34D946B48570}"
EndProject
Project("{FAE04EC0-301F-11D3-BF4B-00C04F79EFBC}") = "ControlesEjercicio", "ControlesEjercicio\ControlesEjercicio.csproj", "{30B351BD-0297-4656-954A-916AB880D66D}"
EndProject
Global
	GlobalSection(SolutionConfigurationPlatforms) = preSolution
		Debug|Any CPU = Debug|Any CPU
		Release|Any CPU = Release|Any CPU
	EndGlobalSection
	GlobalSection(ProjectConfigurationPlatforms) = postSolution
		{24162D63-7F02-4193-B2CE-34D946B48570}.Debug|Any CPU.ActiveCfg = Debug|Any CPU
		{24162D63-7F02-4193-B2CE-34D946B48570}.Debug|Any CPU.Build.0 = Debug|Any CPU
		{24162D63-7F02-4193-B2CE-34D946B48570}.Release|Any CPU.ActiveCfg = Release|Any CPU
		{24162D63-7F02-4193-B2CE-34D946B48570}.Release|Any CPU.Build.0 = Release|Any CPU
		{30B351BD-0297-4656-954A-916AB880D66D}.Debug|Any CPU.ActiveCfg = Debug|Any CPU
		{30B351BD-0297-4656-954A-916AB880D66D}.Debug|Any CPU.Build.0 = Debug|Any CPU
		{30B351BD-0297-4656-954A-916AB880D66D}.Release|Any CPU.ActiveCfg = Release|Any CPU
		{30B351BD-0297-4656-954A-916AB880D66D}.Release|Any CPU.Build.0 = Release|Any CPU
	EndGlobalSection
	GlobalSection(SolutionProperties) = preSolution
		HideSolutionNode = FALSE
	EndGlobalSection
	GlobalSection(ExtensibilityGlobals) = postSolution
		SolutionGuid = {914D4E0E-96AF-4DDE-9FF5-360DBBCB0783}
	EndGlobalSection
EndGlobal
