
Microsoft Visual Studio Solution File, Format Version 12.00
# Visual Studio Version 17
VisualStudioVersion = 17.5.33414.496
MinimumVisualStudioVersion = 10.0.40219.1
Project("{FAE04EC0-301F-11D3-BF4B-00C04F79EFBC}") = "Hilos_Corredores", "Hilos_Corredores\Hilos_Corredores.csproj", "{7B135A12-3DCD-40C4-9573-7FA7E5E1C9C5}"
EndProject
Global
	GlobalSection(SolutionConfigurationPlatforms) = preSolution
		Debug|Any CPU = Debug|Any CPU
		Release|Any CPU = Release|Any CPU
	EndGlobalSection
	GlobalSection(ProjectConfigurationPlatforms) = postSolution
		{7B135A12-3DCD-40C4-9573-7FA7E5E1C9C5}.Debug|Any CPU.ActiveCfg = Debug|Any CPU
		{7B135A12-3DCD-40C4-9573-7FA7E5E1C9C5}.Debug|Any CPU.Build.0 = Debug|Any CPU
		{7B135A12-3DCD-40C4-9573-7FA7E5E1C9C5}.Release|Any CPU.ActiveCfg = Release|Any CPU
		{7B135A12-3DCD-40C4-9573-7FA7E5E1C9C5}.Release|Any CPU.Build.0 = Release|Any CPU
	EndGlobalSection
	GlobalSection(SolutionProperties) = preSolution
		HideSolutionNode = FALSE
	EndGlobalSection
	GlobalSection(ExtensibilityGlobals) = postSolution
		SolutionGuid = {E9589BC9-6C4D-424C-A6C2-01919E9864BB}
	EndGlobalSection
EndGlobal
